
Microsoft Visual Studio Solution File, Format Version 12.00
# Visual Studio 15
VisualStudioVersion = 15.0.28307.168
MinimumVisualStudioVersion = 10.0.40219.1
Project("{F2A71F9B-5D33-465A-A702-920D77279786}") = "IP Checker", "IP-Checker\IP-Checker.fsproj", "{F42DC2E8-FAC8-46A2-B73F-52361AE6E199}"
EndProject
Project("{F2A71F9B-5D33-465A-A702-920D77279786}") = "IP Checker.Test", "IP-Checker.Test\IP-Checker.Test.fsproj", "{7567295B-8FE1-47BA-A027-DAD90CF3C187}"
EndProject
Global
	GlobalSection(SolutionConfigurationPlatforms) = preSolution
		Debug|Any CPU = Debug|Any CPU
		Release|Any CPU = Release|Any CPU
	EndGlobalSection
	GlobalSection(ProjectConfigurationPlatforms) = postSolution
		{F42DC2E8-FAC8-46A2-B73F-52361AE6E199}.Debug|Any CPU.ActiveCfg = Debug|Any CPU
		{F42DC2E8-FAC8-46A2-B73F-52361AE6E199}.Debug|Any CPU.Build.0 = Debug|Any CPU
		{F42DC2E8-FAC8-46A2-B73F-52361AE6E199}.Release|Any CPU.ActiveCfg = Release|Any CPU
		{F42DC2E8-FAC8-46A2-B73F-52361AE6E199}.Release|Any CPU.Build.0 = Release|Any CPU
		{7567295B-8FE1-47BA-A027-DAD90CF3C187}.Debug|Any CPU.ActiveCfg = Debug|Any CPU
		{7567295B-8FE1-47BA-A027-DAD90CF3C187}.Debug|Any CPU.Build.0 = Debug|Any CPU
		{7567295B-8FE1-47BA-A027-DAD90CF3C187}.Release|Any CPU.ActiveCfg = Release|Any CPU
		{7567295B-8FE1-47BA-A027-DAD90CF3C187}.Release|Any CPU.Build.0 = Release|Any CPU
	EndGlobalSection
	GlobalSection(SolutionProperties) = preSolution
		HideSolutionNode = FALSE
	EndGlobalSection
	GlobalSection(ExtensibilityGlobals) = postSolution
		SolutionGuid = {E27AB313-21EB-4EA9-A65B-30D5853A6BAA}
	EndGlobalSection
EndGlobal
